// !$*UTF8*$!
{
	archiveVersion = 1;
	classes = {
	};
	objectVersion = 56;
	objects = {

/* Begin PBXBuildFile section */
		19805EEC2B0BD867009DAE0F /* ProfileView.swift in Sources */ = {isa = PBXBuildFile; fileRef = 19805EEB2B0BD867009DAE0F /* ProfileView.swift */; };
		19805EF22B0BF7A5009DAE0F /* ViewSe.swift in Sources */ = {isa = PBXBuildFile; fileRef = 19805EF12B0BF7A5009DAE0F /* ViewSe.swift */; };
		19805EF42B0BF7F0009DAE0F /* SampleData.swift in Sources */ = {isa = PBXBuildFile; fileRef = 19805EF32B0BF7F0009DAE0F /* SampleData.swift */; };
		199FB0692B096CA100756B16 /* CartButton.swift in Sources */ = {isa = PBXBuildFile; fileRef = 199FB0682B096CA100756B16 /* CartButton.swift */; };
		199FB06C2B096E0800756B16 /* HomePageView.swift in Sources */ = {isa = PBXBuildFile; fileRef = 199FB06B2B096E0800756B16 /* HomePageView.swift */; };
		199FB06E2B0986C900756B16 /* CartProductView.swift in Sources */ = {isa = PBXBuildFile; fileRef = 199FB06D2B0986C900756B16 /* CartProductView.swift */; };
		199FB0702B098BDB00756B16 /* CartView.swift in Sources */ = {isa = PBXBuildFile; fileRef = 199FB06F2B098BDB00756B16 /* CartView.swift */; };
		199FB0722B09979A00756B16 /* PaymentButton.swift in Sources */ = {isa = PBXBuildFile; fileRef = 199FB0712B09979900756B16 /* PaymentButton.swift */; };
		199FB0762B09A34200756B16 /* ProductDetailsView.swift in Sources */ = {isa = PBXBuildFile; fileRef = 199FB0752B09A34200756B16 /* ProductDetailsView.swift */; };
		199FB0782B0A55F200756B16 /* ProductsView.swift in Sources */ = {isa = PBXBuildFile; fileRef = 199FB0772B0A55F200756B16 /* ProductsView.swift */; };
		19DFAEB62B0D5DDE002FEE38 /* ProfileChat.swift in Sources */ = {isa = PBXBuildFile; fileRef = 19DFAEB52B0D5DDE002FEE38 /* ProfileChat.swift */; };
		19DFAEB82B0D5E4D002FEE38 /* Response.swift in Sources */ = {isa = PBXBuildFile; fileRef = 19DFAEB72B0D5E4D002FEE38 /* Response.swift */; };
		19F429F72B085E09005739EF /* Annani_s_ShopApp.swift in Sources */ = {isa = PBXBuildFile; fileRef = 19F429F62B085E09005739EF /* Annani_s_ShopApp.swift */; };
		19F429F92B085E09005739EF /* ContentView.swift in Sources */ = {isa = PBXBuildFile; fileRef = 19F429F82B085E09005739EF /* ContentView.swift */; };
		19F429FB2B085E0B005739EF /* Assets.xcassets in Resources */ = {isa = PBXBuildFile; fileRef = 19F429FA2B085E0B005739EF /* Assets.xcassets */; };
		19F429FE2B085E0B005739EF /* Preview Assets.xcassets in Resources */ = {isa = PBXBuildFile; fileRef = 19F429FD2B085E0B005739EF /* Preview Assets.xcassets */; };
		19F42A062B0960D4005739EF /* Products.swift in Sources */ = {isa = PBXBuildFile; fileRef = 19F42A052B0960D4005739EF /* Products.swift */; };
		19F42A092B09628F005739EF /* ImageSliderView.swift in Sources */ = {isa = PBXBuildFile; fileRef = 19F42A082B09628F005739EF /* ImageSliderView.swift */; };
		19F42A0B2B096313005739EF /* ProductCard.swift in Sources */ = {isa = PBXBuildFile; fileRef = 19F42A0A2B096313005739EF /* ProductCard.swift */; };
		19F42A0D2B096379005739EF /* Search.swift in Sources */ = {isa = PBXBuildFile; fileRef = 19F42A0C2B096379005739EF /* Search.swift */; };
		19F42A0F2B09642A005739EF /* CartManager.swift in Sources */ = {isa = PBXBuildFile; fileRef = 19F42A0E2B09642A005739EF /* CartManager.swift */; };
/* End PBXBuildFile section */

/* Begin PBXFileReference section */
		19805EEB2B0BD867009DAE0F /* ProfileView.swift */ = {isa = PBXFileReference; lastKnownFileType = sourcecode.swift; path = ProfileView.swift; sourceTree = "<group>"; };
		19805EF12B0BF7A5009DAE0F /* ViewSe.swift */ = {isa = PBXFileReference; lastKnownFileType = sourcecode.swift; path = ViewSe.swift; sourceTree = "<group>"; };
		19805EF32B0BF7F0009DAE0F /* SampleData.swift */ = {isa = PBXFileReference; lastKnownFileType = sourcecode.swift; path = SampleData.swift; sourceTree = "<group>"; };
		199FB0682B096CA100756B16 /* CartButton.swift */ = {isa = PBXFileReference; lastKnownFileType = sourcecode.swift; path = CartButton.swift; sourceTree = "<group>"; };
		199FB06B2B096E0800756B16 /* HomePageView.swift */ = {isa = PBXFileReference; lastKnownFileType = sourcecode.swift; path = HomePageView.swift; sourceTree = "<group>"; };
		199FB06D2B0986C900756B16 /* CartProductView.swift */ = {isa = PBXFileReference; lastKnownFileType = sourcecode.swift; path = CartProductView.swift; sourceTree = "<group>"; };
		199FB06F2B098BDB00756B16 /* CartView.swift */ = {isa = PBXFileReference; lastKnownFileType = sourcecode.swift; path = CartView.swift; sourceTree = "<group>"; };
		199FB0712B09979900756B16 /* PaymentButton.swift */ = {isa = PBXFileReference; lastKnownFileType = sourcecode.swift; path = PaymentButton.swift; sourceTree = "<group>"; };
		199FB0752B09A34200756B16 /* ProductDetailsView.swift */ = {isa = PBXFileReference; lastKnownFileType = sourcecode.swift; path = ProductDetailsView.swift; sourceTree = "<group>"; };
		199FB0772B0A55F200756B16 /* ProductsView.swift */ = {isa = PBXFileReference; lastKnownFileType = sourcecode.swift; path = ProductsView.swift; sourceTree = "<group>"; };
		19DFAEB52B0D5DDE002FEE38 /* ProfileChat.swift */ = {isa = PBXFileReference; lastKnownFileType = sourcecode.swift; path = ProfileChat.swift; sourceTree = "<group>"; };
		19DFAEB72B0D5E4D002FEE38 /* Response.swift */ = {isa = PBXFileReference; lastKnownFileType = sourcecode.swift; path = Response.swift; sourceTree = "<group>"; };
		19F429F32B085E09005739EF /* Annani's Shop.app */ = {isa = PBXFileReference; explicitFileType = wrapper.application; includeInIndex = 0; path = "Annani's Shop.app"; sourceTree = BUILT_PRODUCTS_DIR; };
		19F429F62B085E09005739EF /* Annani_s_ShopApp.swift */ = {isa = PBXFileReference; lastKnownFileType = sourcecode.swift; path = Annani_s_ShopApp.swift; sourceTree = "<group>"; };
		19F429F82B085E09005739EF /* ContentView.swift */ = {isa = PBXFileReference; lastKnownFileType = sourcecode.swift; path = ContentView.swift; sourceTree = "<group>"; };
		19F429FA2B085E0B005739EF /* Assets.xcassets */ = {isa = PBXFileReference; lastKnownFileType = folder.assetcatalog; path = Assets.xcassets; sourceTree = "<group>"; };
		19F429FD2B085E0B005739EF /* Preview Assets.xcassets */ = {isa = PBXFileReference; lastKnownFileType = folder.assetcatalog; path = "Preview Assets.xcassets"; sourceTree = "<group>"; };
		19F42A052B0960D4005739EF /* Products.swift */ = {isa = PBXFileReference; lastKnownFileType = sourcecode.swift; path = Products.swift; sourceTree = "<group>"; };
		19F42A082B09628F005739EF /* ImageSliderView.swift */ = {isa = PBXFileReference; lastKnownFileType = sourcecode.swift; path = ImageSliderView.swift; sourceTree = "<group>"; };
		19F42A0A2B096313005739EF /* ProductCard.swift */ = {isa = PBXFileReference; lastKnownFileType = sourcecode.swift; path = ProductCard.swift; sourceTree = "<group>"; };
		19F42A0C2B096379005739EF /* Search.swift */ = {isa = PBXFileReference; lastKnownFileType = sourcecode.swift; path = Search.swift; sourceTree = "<group>"; };
		19F42A0E2B09642A005739EF /* CartManager.swift */ = {isa = PBXFileReference; lastKnownFileType = sourcecode.swift; path = CartManager.swift; sourceTree = "<group>"; };
/* End PBXFileReference section */

/* Begin PBXFrameworksBuildPhase section */
		19F429F02B085E09005739EF /* Frameworks */ = {
			isa = PBXFrameworksBuildPhase;
			buildActionMask = 2147483647;
			files = (
			);
			runOnlyForDeploymentPostprocessing = 0;
		};
/* End PBXFrameworksBuildPhase section */

/* Begin PBXGroup section */
		199FB06A2B096D5800756B16 /* Views */ = {
			isa = PBXGroup;
			children = (
				19F429F82B085E09005739EF /* ContentView.swift */,
				199FB06B2B096E0800756B16 /* HomePageView.swift */,
				199FB06F2B098BDB00756B16 /* CartView.swift */,
				199FB0752B09A34200756B16 /* ProductDetailsView.swift */,
				199FB0772B0A55F200756B16 /* ProductsView.swift */,
				19805EEB2B0BD867009DAE0F /* ProfileView.swift */,
				19DFAEB52B0D5DDE002FEE38 /* ProfileChat.swift */,
				19DFAEB72B0D5E4D002FEE38 /* Response.swift */,
			);
			path = Views;
			sourceTree = "<group>";
		};
		19F429EA2B085E09005739EF = {
			isa = PBXGroup;
			children = (
				19F429F52B085E09005739EF /* Annani's Shop */,
				19F429F42B085E09005739EF /* Products */,
			);
			sourceTree = "<group>";
		};
		19F429F42B085E09005739EF /* Products */ = {
			isa = PBXGroup;
			children = (
				19F429F32B085E09005739EF /* Annani's Shop.app */,
			);
			name = Products;
			sourceTree = "<group>";
		};
		19F429F52B085E09005739EF /* Annani's Shop */ = {
			isa = PBXGroup;
			children = (
				199FB06A2B096D5800756B16 /* Views */,
				19F42A072B096258005739EF /* Components */,
				19F42A042B0960B3005739EF /* Models */,
				19F429F62B085E09005739EF /* Annani_s_ShopApp.swift */,
				19F429FA2B085E0B005739EF /* Assets.xcassets */,
				19F429FC2B085E0B005739EF /* Preview Content */,
				19F42A0E2B09642A005739EF /* CartManager.swift */,
				19805EF32B0BF7F0009DAE0F /* SampleData.swift */,
			);
			path = "Annani's Shop";
			sourceTree = "<group>";
		};
		19F429FC2B085E0B005739EF /* Preview Content */ = {
			isa = PBXGroup;
			children = (
				19F429FD2B085E0B005739EF /* Preview Assets.xcassets */,
			);
			path = "Preview Content";
			sourceTree = "<group>";
		};
		19F42A042B0960B3005739EF /* Models */ = {
			isa = PBXGroup;
			children = (
				19F42A052B0960D4005739EF /* Products.swift */,
			);
			path = Models;
			sourceTree = "<group>";
		};
		19F42A072B096258005739EF /* Components */ = {
			isa = PBXGroup;
			children = (
				19F42A082B09628F005739EF /* ImageSliderView.swift */,
				19F42A0A2B096313005739EF /* ProductCard.swift */,
				19F42A0C2B096379005739EF /* Search.swift */,
				19805EF12B0BF7A5009DAE0F /* ViewSe.swift */,
				199FB0682B096CA100756B16 /* CartButton.swift */,
				199FB06D2B0986C900756B16 /* CartProductView.swift */,
				199FB0712B09979900756B16 /* PaymentButton.swift */,
			);
			path = Components;
			sourceTree = "<group>";
		};
/* End PBXGroup section */

/* Begin PBXNativeTarget section */
		19F429F22B085E09005739EF /* Annani's Shop */ = {
			isa = PBXNativeTarget;
			buildConfigurationList = 19F42A012B085E0B005739EF /* Build configuration list for PBXNativeTarget "Annani's Shop" */;
			buildPhases = (
				19F429EF2B085E09005739EF /* Sources */,
				19F429F02B085E09005739EF /* Frameworks */,
				19F429F12B085E09005739EF /* Resources */,
			);
			buildRules = (
			);
			dependencies = (
			);
			name = "Annani's Shop";
			productName = "Annani's Shop";
			productReference = 19F429F32B085E09005739EF /* Annani's Shop.app */;
			productType = "com.apple.product-type.application";
		};
/* End PBXNativeTarget section */

/* Begin PBXProject section */
		19F429EB2B085E09005739EF /* Project object */ = {
			isa = PBXProject;
			attributes = {
				BuildIndependentTargetsInParallel = 1;
				LastSwiftUpdateCheck = 1430;
				LastUpgradeCheck = 1430;
				TargetAttributes = {
					19F429F22B085E09005739EF = {
						CreatedOnToolsVersion = 14.3.1;
					};
				};
			};
			buildConfigurationList = 19F429EE2B085E09005739EF /* Build configuration list for PBXProject "Annani's Shop" */;
			compatibilityVersion = "Xcode 14.0";
			developmentRegion = en;
			hasScannedForEncodings = 0;
			knownRegions = (
				en,
				Base,
			);
			mainGroup = 19F429EA2B085E09005739EF;
			productRefGroup = 19F429F42B085E09005739EF /* Products */;
			projectDirPath = "";
			projectRoot = "";
			targets = (
				19F429F22B085E09005739EF /* Annani's Shop */,
			);
		};
/* End PBXProject section */

/* Begin PBXResourcesBuildPhase section */
		19F429F12B085E09005739EF /* Resources */ = {
			isa = PBXResourcesBuildPhase;
			buildActionMask = 2147483647;
			files = (
				19F429FE2B085E0B005739EF /* Preview Assets.xcassets in Resources */,
				19F429FB2B085E0B005739EF /* Assets.xcassets in Resources */,
			);
			runOnlyForDeploymentPostprocessing = 0;
		};
/* End PBXResourcesBuildPhase section */

/* Begin PBXSourcesBuildPhase section */
		19F429EF2B085E09005739EF /* Sources */ = {
			isa = PBXSourcesBuildPhase;
			buildActionMask = 2147483647;
			files = (
				199FB0782B0A55F200756B16 /* ProductsView.swift in Sources */,
				199FB0722B09979A00756B16 /* PaymentButton.swift in Sources */,
				19F42A062B0960D4005739EF /* Products.swift in Sources */,
				199FB0692B096CA100756B16 /* CartButton.swift in Sources */,
				19F42A092B09628F005739EF /* ImageSliderView.swift in Sources */,
				19DFAEB82B0D5E4D002FEE38 /* Response.swift in Sources */,
				19F42A0F2B09642A005739EF /* CartManager.swift in Sources */,
				19F429F92B085E09005739EF /* ContentView.swift in Sources */,
				19DFAEB62B0D5DDE002FEE38 /* ProfileChat.swift in Sources */,
				19805EEC2B0BD867009DAE0F /* ProfileView.swift in Sources */,
				19F42A0D2B096379005739EF /* Search.swift in Sources */,
				199FB0702B098BDB00756B16 /* CartView.swift in Sources */,
				19805EF22B0BF7A5009DAE0F /* ViewSe.swift in Sources */,
				19805EF42B0BF7F0009DAE0F /* SampleData.swift in Sources */,
				199FB06E2B0986C900756B16 /* CartProductView.swift in Sources */,
				19F42A0B2B096313005739EF /* ProductCard.swift in Sources */,
				199FB0762B09A34200756B16 /* ProductDetailsView.swift in Sources */,
				199FB06C2B096E0800756B16 /* HomePageView.swift in Sources */,
				19F429F72B085E09005739EF /* Annani_s_ShopApp.swift in Sources */,
			);
			runOnlyForDeploymentPostprocessing = 0;
		};
/* End PBXSourcesBuildPhase section */

/* Begin XCBuildConfiguration section */
		19F429FF2B085E0B005739EF /* Debug */ = {
			isa = XCBuildConfiguration;
			buildSettings = {
				ALWAYS_SEARCH_USER_PATHS = NO;
				CLANG_ANALYZER_NONNULL = YES;
				CLANG_ANALYZER_NUMBER_OBJECT_CONVERSION = YES_AGGRESSIVE;
				CLANG_CXX_LANGUAGE_STANDARD = "gnu++20";
				CLANG_ENABLE_MODULES = YES;
				CLANG_ENABLE_OBJC_ARC = YES;
				CLANG_ENABLE_OBJC_WEAK = YES;
				CLANG_WARN_BLOCK_CAPTURE_AUTORELEASING = YES;
				CLANG_WARN_BOOL_CONVERSION = YES;
				CLANG_WARN_COMMA = YES;
				CLANG_WARN_CONSTANT_CONVERSION = YES;
				CLANG_WARN_DEPRECATED_OBJC_IMPLEMENTATIONS = YES;
				CLANG_WARN_DIRECT_OBJC_ISA_USAGE = YES_ERROR;
				CLANG_WARN_DOCUMENTATION_COMMENTS = YES;
				CLANG_WARN_EMPTY_BODY = YES;
				CLANG_WARN_ENUM_CONVERSION = YES;
				CLANG_WARN_INFINITE_RECURSION = YES;
				CLANG_WARN_INT_CONVERSION = YES;
				CLANG_WARN_NON_LITERAL_NULL_CONVERSION = YES;
				CLANG_WARN_OBJC_IMPLICIT_RETAIN_SELF = YES;
				CLANG_WARN_OBJC_LITERAL_CONVERSION = YES;
				CLANG_WARN_OBJC_ROOT_CLASS = YES_ERROR;
				CLANG_WARN_QUOTED_INCLUDE_IN_FRAMEWORK_HEADER = YES;
				CLANG_WARN_RANGE_LOOP_ANALYSIS = YES;
				CLANG_WARN_STRICT_PROTOTYPES = YES;
				CLANG_WARN_SUSPICIOUS_MOVE = YES;
				CLANG_WARN_UNGUARDED_AVAILABILITY = YES_AGGRESSIVE;
				CLANG_WARN_UNREACHABLE_CODE = YES;
				CLANG_WARN__DUPLICATE_METHOD_MATCH = YES;
				COPY_PHASE_STRIP = NO;
				DEBUG_INFORMATION_FORMAT = dwarf;
				ENABLE_STRICT_OBJC_MSGSEND = YES;
				ENABLE_TESTABILITY = YES;
				GCC_C_LANGUAGE_STANDARD = gnu11;
				GCC_DYNAMIC_NO_PIC = NO;
				GCC_NO_COMMON_BLOCKS = YES;
				GCC_OPTIMIZATION_LEVEL = 0;
				GCC_PREPROCESSOR_DEFINITIONS = (
					"DEBUG=1",
					"$(inherited)",
				);
				GCC_WARN_64_TO_32_BIT_CONVERSION = YES;
				GCC_WARN_ABOUT_RETURN_TYPE = YES_ERROR;
				GCC_WARN_UNDECLARED_SELECTOR = YES;
				GCC_WARN_UNINITIALIZED_AUTOS = YES_AGGRESSIVE;
				GCC_WARN_UNUSED_FUNCTION = YES;
				GCC_WARN_UNUSED_VARIABLE = YES;
				IPHONEOS_DEPLOYMENT_TARGET = 16.4;
				MTL_ENABLE_DEBUG_INFO = INCLUDE_SOURCE;
				MTL_FAST_MATH = YES;
				ONLY_ACTIVE_ARCH = YES;
				SDKROOT = iphoneos;
				SWIFT_ACTIVE_COMPILATION_CONDITIONS = DEBUG;
				SWIFT_OPTIMIZATION_LEVEL = "-Onone";
			};
			name = Debug;
		};
		19F42A002B085E0B005739EF /* Release */ = {
			isa = XCBuildConfiguration;
			buildSettings = {
				ALWAYS_SEARCH_USER_PATHS = NO;
				CLANG_ANALYZER_NONNULL = YES;
				CLANG_ANALYZER_NUMBER_OBJECT_CONVERSION = YES_AGGRESSIVE;
				CLANG_CXX_LANGUAGE_STANDARD = "gnu++20";
				CLANG_ENABLE_MODULES = YES;
				CLANG_ENABLE_OBJC_ARC = YES;
				CLANG_ENABLE_OBJC_WEAK = YES;
				CLANG_WARN_BLOCK_CAPTURE_AUTORELEASING = YES;
				CLANG_WARN_BOOL_CONVERSION = YES;
				CLANG_WARN_COMMA = YES;
				CLANG_WARN_CONSTANT_CONVERSION = YES;
				CLANG_WARN_DEPRECATED_OBJC_IMPLEMENTATIONS = YES;
				CLANG_WARN_DIRECT_OBJC_ISA_USAGE = YES_ERROR;
				CLANG_WARN_DOCUMENTATION_COMMENTS = YES;
				CLANG_WARN_EMPTY_BODY = YES;
				CLANG_WARN_ENUM_CONVERSION = YES;
				CLANG_WARN_INFINITE_RECURSION = YES;
				CLANG_WARN_INT_CONVERSION = YES;
				CLANG_WARN_NON_LITERAL_NULL_CONVERSION = YES;
				CLANG_WARN_OBJC_IMPLICIT_RETAIN_SELF = YES;
				CLANG_WARN_OBJC_LITERAL_CONVERSION = YES;
				CLANG_WARN_OBJC_ROOT_CLASS = YES_ERROR;
				CLANG_WARN_QUOTED_INCLUDE_IN_FRAMEWORK_HEADER = YES;
				CLANG_WARN_RANGE_LOOP_ANALYSIS = YES;
				CLANG_WARN_STRICT_PROTOTYPES = YES;
				CLANG_WARN_SUSPICIOUS_MOVE = YES;
				CLANG_WARN_UNGUARDED_AVAILABILITY = YES_AGGRESSIVE;
				CLANG_WARN_UNREACHABLE_CODE = YES;
				CLANG_WARN__DUPLICATE_METHOD_MATCH = YES;
				COPY_PHASE_STRIP = NO;
				DEBUG_INFORMATION_FORMAT = "dwarf-with-dsym";
				ENABLE_NS_ASSERTIONS = NO;
				ENABLE_STRICT_OBJC_MSGSEND = YES;
				GCC_C_LANGUAGE_STANDARD = gnu11;
				GCC_NO_COMMON_BLOCKS = YES;
				GCC_WARN_64_TO_32_BIT_CONVERSION = YES;
				GCC_WARN_ABOUT_RETURN_TYPE = YES_ERROR;
				GCC_WARN_UNDECLARED_SELECTOR = YES;
				GCC_WARN_UNINITIALIZED_AUTOS = YES_AGGRESSIVE;
				GCC_WARN_UNUSED_FUNCTION = YES;
				GCC_WARN_UNUSED_VARIABLE = YES;
				IPHONEOS_DEPLOYMENT_TARGET = 16.4;
				MTL_ENABLE_DEBUG_INFO = NO;
				MTL_FAST_MATH = YES;
				SDKROOT = iphoneos;
				SWIFT_COMPILATION_MODE = wholemodule;
				SWIFT_OPTIMIZATION_LEVEL = "-O";
				VALIDATE_PRODUCT = YES;
			};
			name = Release;
		};
		19F42A022B085E0B005739EF /* Debug */ = {
			isa = XCBuildConfiguration;
			buildSettings = {
				ASSETCATALOG_COMPILER_APPICON_NAME = AppIcon;
				ASSETCATALOG_COMPILER_GLOBAL_ACCENT_COLOR_NAME = AccentColor;
				CODE_SIGN_STYLE = Automatic;
				CURRENT_PROJECT_VERSION = 1;
				DEVELOPMENT_ASSET_PATHS = "\"Annani's Shop/Preview Content\"";
				ENABLE_PREVIEWS = YES;
				GENERATE_INFOPLIST_FILE = YES;
				INFOPLIST_KEY_UIApplicationSceneManifest_Generation = YES;
				INFOPLIST_KEY_UIApplicationSupportsIndirectInputEvents = YES;
				INFOPLIST_KEY_UILaunchScreen_Generation = YES;
				INFOPLIST_KEY_UISupportedInterfaceOrientations_iPad = "UIInterfaceOrientationPortrait UIInterfaceOrientationPortraitUpsideDown UIInterfaceOrientationLandscapeLeft UIInterfaceOrientationLandscapeRight";
				INFOPLIST_KEY_UISupportedInterfaceOrientations_iPhone = "UIInterfaceOrientationPortrait UIInterfaceOrientationLandscapeLeft UIInterfaceOrientationLandscapeRight";
				LD_RUNPATH_SEARCH_PATHS = (
					"$(inherited)",
					"@executable_path/Frameworks",
				);
				MARKETING_VERSION = 1.0;
				PRODUCT_BUNDLE_IDENTIFIER = "chima.Annani-s-Shop";
				PRODUCT_NAME = "$(TARGET_NAME)";
				SWIFT_EMIT_LOC_STRINGS = YES;
				SWIFT_VERSION = 5.0;
				TARGETED_DEVICE_FAMILY = "1,2";
			};
			name = Debug;
		};
		19F42A032B085E0B005739EF /* Release */ = {
			isa = XCBuildConfiguration;
			buildSettings = {
				ASSETCATALOG_COMPILER_APPICON_NAME = AppIcon;
				ASSETCATALOG_COMPILER_GLOBAL_ACCENT_COLOR_NAME = AccentColor;
				CODE_SIGN_STYLE = Automatic;
				CURRENT_PROJECT_VERSION = 1;
				DEVELOPMENT_ASSET_PATHS = "\"Annani's Shop/Preview Content\"";
				ENABLE_PREVIEWS = YES;
				GENERATE_INFOPLIST_FILE = YES;
				INFOPLIST_KEY_UIApplicationSceneManifest_Generation = YES;
				INFOPLIST_KEY_UIApplicationSupportsIndirectInputEvents = YES;
				INFOPLIST_KEY_UILaunchScreen_Generation = YES;
				INFOPLIST_KEY_UISupportedInterfaceOrientations_iPad = "UIInterfaceOrientationPortrait UIInterfaceOrientationPortraitUpsideDown UIInterfaceOrientationLandscapeLeft UIInterfaceOrientationLandscapeRight";
				INFOPLIST_KEY_UISupportedInterfaceOrientations_iPhone = "UIInterfaceOrientationPortrait UIInterfaceOrientationLandscapeLeft UIInterfaceOrientationLandscapeRight";
				LD_RUNPATH_SEARCH_PATHS = (
					"$(inherited)",
					"@executable_path/Frameworks",
				);
				MARKETING_VERSION = 1.0;
				PRODUCT_BUNDLE_IDENTIFIER = "chima.Annani-s-Shop";
				PRODUCT_NAME = "$(TARGET_NAME)";
				SWIFT_EMIT_LOC_STRINGS = YES;
				SWIFT_VERSION = 5.0;
				TARGETED_DEVICE_FAMILY = "1,2";
			};
			name = Release;
		};
/* End XCBuildConfiguration section */

/* Begin XCConfigurationList section */
		19F429EE2B085E09005739EF /* Build configuration list for PBXProject "Annani's Shop" */ = {
			isa = XCConfigurationList;
			buildConfigurations = (
				19F429FF2B085E0B005739EF /* Debug */,
				19F42A002B085E0B005739EF /* Release */,
			);
			defaultConfigurationIsVisible = 0;
			defaultConfigurationName = Release;
		};
		19F42A012B085E0B005739EF /* Build configuration list for PBXNativeTarget "Annani's Shop" */ = {
			isa = XCConfigurationList;
			buildConfigurations = (
				19F42A022B085E0B005739EF /* Debug */,
				19F42A032B085E0B005739EF /* Release */,
			);
			defaultConfigurationIsVisible = 0;
			defaultConfigurationName = Release;
		};
/* End XCConfigurationList section */
	};
	rootObject = 19F429EB2B085E09005739EF /* Project object */;
}
